
Microsoft Visual Studio Solution File, Format Version 12.00
# Visual Studio 15
VisualStudioVersion = 15.0.28307.421
MinimumVisualStudioVersion = 10.0.40219.1
Project("{FAE04EC0-301F-11D3-BF4B-00C04F79EFBC}") = "TwitterPullData", "TwitterPullData\TwitterPullData.csproj", "{285B8B7E-8E12-4E99-B7EB-77C8358BDCDC}"
EndProject
Global
	GlobalSection(SolutionConfigurationPlatforms) = preSolution
		Debug|Any CPU = Debug|Any CPU
		Release|Any CPU = Release|Any CPU
	EndGlobalSection
	GlobalSection(ProjectConfigurationPlatforms) = postSolution
		{285B8B7E-8E12-4E99-B7EB-77C8358BDCDC}.Debug|Any CPU.ActiveCfg = Debug|Any CPU
		{285B8B7E-8E12-4E99-B7EB-77C8358BDCDC}.Debug|Any CPU.Build.0 = Debug|Any CPU
		{285B8B7E-8E12-4E99-B7EB-77C8358BDCDC}.Release|Any CPU.ActiveCfg = Release|Any CPU
		{285B8B7E-8E12-4E99-B7EB-77C8358BDCDC}.Release|Any CPU.Build.0 = Release|Any CPU
	EndGlobalSection
	GlobalSection(SolutionProperties) = preSolution
		HideSolutionNode = FALSE
	EndGlobalSection
	GlobalSection(ExtensibilityGlobals) = postSolution
		SolutionGuid = {AEEC6F28-29C4-4E36-9524-AD54402F7744}
	EndGlobalSection
EndGlobal
